// !$*UTF8*$!
{
	archiveVersion = 1;
	classes = {
	};
	objectVersion = 46;
	objects = {

/* Begin PBXBuildFile section */
		32892E311FAE898C00BE8320 /* Assets.xcassets in Resources */ = {isa = PBXBuildFile; fileRef = 32892E301FAE898C00BE8320 /* Assets.xcassets */; };
		32892E351FAE89FE00BE8320 /* LaunchScreen.storyboard in Resources */ = {isa = PBXBuildFile; fileRef = 32892E341FAE89FD00BE8320 /* LaunchScreen.storyboard */; };
		3E75A9861742DBE700DA412D /* CustomPathImages in Resources */ = {isa = PBXBuildFile; fileRef = 3E75A9851742DBE700DA412D /* CustomPathImages */; };
		531041C1157EAC8F00BBABC3 /* ImageIO.framework in Frameworks */ = {isa = PBXBuildFile; fileRef = 537612E6155ABA44005750A4 /* ImageIO.framework */; };
		5376129A155AB74D005750A4 /* UIKit.framework in Frameworks */ = {isa = PBXBuildFile; fileRef = 53761299155AB74D005750A4 /* UIKit.framework */; };
		5376129C155AB74D005750A4 /* Foundation.framework in Frameworks */ = {isa = PBXBuildFile; fileRef = 5376129B155AB74D005750A4 /* Foundation.framework */; };
		5376129E155AB74D005750A4 /* CoreGraphics.framework in Frameworks */ = {isa = PBXBuildFile; fileRef = 5376129D155AB74D005750A4 /* CoreGraphics.framework */; };
		537612A6155AB74D005750A4 /* main.m in Sources */ = {isa = PBXBuildFile; fileRef = 537612A5155AB74D005750A4 /* main.m */; };
		537612AA155AB74D005750A4 /* AppDelegate.m in Sources */ = {isa = PBXBuildFile; fileRef = 537612A9155AB74D005750A4 /* AppDelegate.m */; };
		537612AD155AB74D005750A4 /* MasterViewController.m in Sources */ = {isa = PBXBuildFile; fileRef = 537612AC155AB74D005750A4 /* MasterViewController.m */; };
		537612B0155AB74D005750A4 /* DetailViewController.m in Sources */ = {isa = PBXBuildFile; fileRef = 537612AF155AB74D005750A4 /* DetailViewController.m */; };
		537612B3155AB74D005750A4 /* MasterViewController.xib in Resources */ = {isa = PBXBuildFile; fileRef = 537612B1155AB74D005750A4 /* MasterViewController.xib */; };
		537612B6155AB74D005750A4 /* DetailViewController.xib in Resources */ = {isa = PBXBuildFile; fileRef = 537612B4155AB74D005750A4 /* DetailViewController.xib */; };
		CF64B1471621CF4AAEC747B7 /* Pods_SDWebImage_iOS_Demo.framework in Frameworks */ = {isa = PBXBuildFile; fileRef = 225ECB6E7CB8DB707B498522 /* Pods_SDWebImage_iOS_Demo.framework */; };
		DA248D44195470FD00390AB0 /* MapKit.framework in Frameworks */ = {isa = PBXBuildFile; fileRef = 537612E3155ABA3C005750A4 /* MapKit.framework */; };
/* End PBXBuildFile section */

/* Begin PBXCopyFilesBuildPhase section */
		327E2DD11FAF0D6A00EF52C2 /* Embed Frameworks */ = {
			isa = PBXCopyFilesBuildPhase;
			buildActionMask = 2147483647;
			dstPath = "";
			dstSubfolderSpec = 10;
			files = (
			);
			name = "Embed Frameworks";
			runOnlyForDeploymentPostprocessing = 0;
		};
/* End PBXCopyFilesBuildPhase section */

/* Begin PBXFileReference section */
		0829378FA7103DD8649CCCF3 /* Pods-SDWebImage iOS Demo.release.xcconfig */ = {isa = PBXFileReference; includeInIndex = 1; lastKnownFileType = text.xcconfig; name = "Pods-SDWebImage iOS Demo.release.xcconfig"; path = "../Pods/Target Support Files/Pods-SDWebImage iOS Demo/Pods-SDWebImage iOS Demo.release.xcconfig"; sourceTree = "<group>"; };
		225ECB6E7CB8DB707B498522 /* Pods_SDWebImage_iOS_Demo.framework */ = {isa = PBXFileReference; explicitFileType = wrapper.framework; includeInIndex = 0; path = Pods_SDWebImage_iOS_Demo.framework; sourceTree = BUILT_PRODUCTS_DIR; };
		28B8C1BB2DCC32E213DA3DAD /* Pods-SDWebImage TV Demo.release.xcconfig */ = {isa = PBXFileReference; includeInIndex = 1; lastKnownFileType = text.xcconfig; name = "Pods-SDWebImage TV Demo.release.xcconfig"; path = "../Pods/Target Support Files/Pods-SDWebImage TV Demo/Pods-SDWebImage TV Demo.release.xcconfig"; sourceTree = "<group>"; };
		327E1C604113A7CEC9AC02DB /* Pods-SDWebImage Watch Demo Extension.debug.xcconfig */ = {isa = PBXFileReference; includeInIndex = 1; lastKnownFileType = text.xcconfig; name = "Pods-SDWebImage Watch Demo Extension.debug.xcconfig"; path = "../Pods/Target Support Files/Pods-SDWebImage Watch Demo Extension/Pods-SDWebImage Watch Demo Extension.debug.xcconfig"; sourceTree = "<group>"; };
		32892E301FAE898C00BE8320 /* Assets.xcassets */ = {isa = PBXFileReference; lastKnownFileType = folder.assetcatalog; path = Assets.xcassets; sourceTree = "<group>"; };
		32892E341FAE89FD00BE8320 /* LaunchScreen.storyboard */ = {isa = PBXFileReference; fileEncoding = 4; lastKnownFileType = file.storyboard; path = LaunchScreen.storyboard; sourceTree = "<group>"; };
		3E75A9851742DBE700DA412D /* CustomPathImages */ = {isa = PBXFileReference; lastKnownFileType = folder; path = CustomPathImages; sourceTree = SOURCE_ROOT; };
		53761295155AB74D005750A4 /* SDWebImage iOS Demo.app */ = {isa = PBXFileReference; explicitFileType = wrapper.application; includeInIndex = 0; path = "SDWebImage iOS Demo.app"; sourceTree = BUILT_PRODUCTS_DIR; };
		53761299155AB74D005750A4 /* UIKit.framework */ = {isa = PBXFileReference; lastKnownFileType = wrapper.framework; name = UIKit.framework; path = System/Library/Frameworks/UIKit.framework; sourceTree = SDKROOT; };
		5376129B155AB74D005750A4 /* Foundation.framework */ = {isa = PBXFileReference; lastKnownFileType = wrapper.framework; name = Foundation.framework; path = System/Library/Frameworks/Foundation.framework; sourceTree = SDKROOT; };
		5376129D155AB74D005750A4 /* CoreGraphics.framework */ = {isa = PBXFileReference; lastKnownFileType = wrapper.framework; name = CoreGraphics.framework; path = System/Library/Frameworks/CoreGraphics.framework; sourceTree = SDKROOT; };
		537612A1155AB74D005750A4 /* Info.plist */ = {isa = PBXFileReference; lastKnownFileType = text.plist.xml; path = Info.plist; sourceTree = "<group>"; };
		537612A5155AB74D005750A4 /* main.m */ = {isa = PBXFileReference; lastKnownFileType = sourcecode.c.objc; path = main.m; sourceTree = "<group>"; };
		537612A8155AB74D005750A4 /* AppDelegate.h */ = {isa = PBXFileReference; lastKnownFileType = sourcecode.c.h; path = AppDelegate.h; sourceTree = "<group>"; };
		537612A9155AB74D005750A4 /* AppDelegate.m */ = {isa = PBXFileReference; lastKnownFileType = sourcecode.c.objc; path = AppDelegate.m; sourceTree = "<group>"; };
		537612AB155AB74D005750A4 /* MasterViewController.h */ = {isa = PBXFileReference; lastKnownFileType = sourcecode.c.h; path = MasterViewController.h; sourceTree = "<group>"; };
		537612AC155AB74D005750A4 /* MasterViewController.m */ = {isa = PBXFileReference; lastKnownFileType = sourcecode.c.objc; path = MasterViewController.m; sourceTree = "<group>"; };
		537612AE155AB74D005750A4 /* DetailViewController.h */ = {isa = PBXFileReference; lastKnownFileType = sourcecode.c.h; path = DetailViewController.h; sourceTree = "<group>"; };
		537612AF155AB74D005750A4 /* DetailViewController.m */ = {isa = PBXFileReference; lastKnownFileType = sourcecode.c.objc; path = DetailViewController.m; sourceTree = "<group>"; };
		537612B2155AB74D005750A4 /* en */ = {isa = PBXFileReference; lastKnownFileType = file.xib; name = en; path = en.lproj/MasterViewController.xib; sourceTree = "<group>"; };
		537612B5155AB74D005750A4 /* en */ = {isa = PBXFileReference; lastKnownFileType = file.xib; name = en; path = en.lproj/DetailViewController.xib; sourceTree = "<group>"; };
		537612E3155ABA3C005750A4 /* MapKit.framework */ = {isa = PBXFileReference; lastKnownFileType = wrapper.framework; name = MapKit.framework; path = System/Library/Frameworks/MapKit.framework; sourceTree = SDKROOT; };
		537612E6155ABA44005750A4 /* ImageIO.framework */ = {isa = PBXFileReference; lastKnownFileType = wrapper.framework; name = ImageIO.framework; path = System/Library/Frameworks/ImageIO.framework; sourceTree = SDKROOT; };
		5992BFDBF29AB5CBCAC896FB /* Pods-SDWebImage OSX Demo.release.xcconfig */ = {isa = PBXFileReference; includeInIndex = 1; lastKnownFileType = text.xcconfig; name = "Pods-SDWebImage OSX Demo.release.xcconfig"; path = "../Pods/Target Support Files/Pods-SDWebImage OSX Demo/Pods-SDWebImage OSX Demo.release.xcconfig"; sourceTree = "<group>"; };
		5A56E15AF819F64FBF1F65A9 /* Pods-SDWebImage TV Demo.debug.xcconfig */ = {isa = PBXFileReference; includeInIndex = 1; lastKnownFileType = text.xcconfig; name = "Pods-SDWebImage TV Demo.debug.xcconfig"; path = "../Pods/Target Support Files/Pods-SDWebImage TV Demo/Pods-SDWebImage TV Demo.debug.xcconfig"; sourceTree = "<group>"; };
		789EDF4244C66933FDF3E181 /* Pods-SDWebImage iOS Demo.debug.xcconfig */ = {isa = PBXFileReference; includeInIndex = 1; lastKnownFileType = text.xcconfig; name = "Pods-SDWebImage iOS Demo.debug.xcconfig"; path = "../Pods/Target Support Files/Pods-SDWebImage iOS Demo/Pods-SDWebImage iOS Demo.debug.xcconfig"; sourceTree = "<group>"; };
		80C26B77F46D9332F328204E /* Pods-SDWebImage OSX Demo.debug.xcconfig */ = {isa = PBXFileReference; includeInIndex = 1; lastKnownFileType = text.xcconfig; name = "Pods-SDWebImage OSX Demo.debug.xcconfig"; path = "../Pods/Target Support Files/Pods-SDWebImage OSX Demo/Pods-SDWebImage OSX Demo.debug.xcconfig"; sourceTree = "<group>"; };
		9A205232F437C77F45A2EBD1 /* Pods-SDWebImage Watch Demo Extension.release.xcconfig */ = {isa = PBXFileReference; includeInIndex = 1; lastKnownFileType = text.xcconfig; name = "Pods-SDWebImage Watch Demo Extension.release.xcconfig"; path = "../Pods/Target Support Files/Pods-SDWebImage Watch Demo Extension/Pods-SDWebImage Watch Demo Extension.release.xcconfig"; sourceTree = "<group>"; };
		EA9E0C74219598B400AFB434 /* Module-Release.xcconfig */ = {isa = PBXFileReference; lastKnownFileType = text.xcconfig; path = "Module-Release.xcconfig"; sourceTree = "<group>"; };
		EA9E0C75219598B400AFB434 /* App-Debug.xcconfig */ = {isa = PBXFileReference; lastKnownFileType = text.xcconfig; path = "App-Debug.xcconfig"; sourceTree = "<group>"; };
		EA9E0C76219598B400AFB434 /* App-Release.xcconfig */ = {isa = PBXFileReference; lastKnownFileType = text.xcconfig; path = "App-Release.xcconfig"; sourceTree = "<group>"; };
		EA9E0C77219598B400AFB434 /* Module-Debug.xcconfig */ = {isa = PBXFileReference; lastKnownFileType = text.xcconfig; path = "Module-Debug.xcconfig"; sourceTree = "<group>"; };
		EA9E0C78219598B400AFB434 /* App-Shared.xcconfig */ = {isa = PBXFileReference; lastKnownFileType = text.xcconfig; path = "App-Shared.xcconfig"; sourceTree = "<group>"; };
		EA9E0C79219598B400AFB434 /* Module-Shared.xcconfig */ = {isa = PBXFileReference; lastKnownFileType = text.xcconfig; path = "Module-Shared.xcconfig"; sourceTree = "<group>"; };
/* End PBXFileReference section */

/* Begin PBXFrameworksBuildPhase section */
		53761292155AB74D005750A4 /* Frameworks */ = {
			isa = PBXFrameworksBuildPhase;
			buildActionMask = 2147483647;
			files = (
				DA248D44195470FD00390AB0 /* MapKit.framework in Frameworks */,
				531041C1157EAC8F00BBABC3 /* ImageIO.framework in Frameworks */,
				5376129A155AB74D005750A4 /* UIKit.framework in Frameworks */,
				5376129C155AB74D005750A4 /* Foundation.framework in Frameworks */,
				5376129E155AB74D005750A4 /* CoreGraphics.framework in Frameworks */,
				CF64B1471621CF4AAEC747B7 /* Pods_SDWebImage_iOS_Demo.framework in Frameworks */,
			);
			runOnlyForDeploymentPostprocessing = 0;
		};
/* End PBXFrameworksBuildPhase section */

/* Begin PBXGroup section */
		5376128A155AB74D005750A4 = {
			isa = PBXGroup;
			children = (
				EA9E0C73219598B400AFB434 /* Configs */,
				5376129F155AB74D005750A4 /* SDWebImage Demo */,
				53761298155AB74D005750A4 /* Frameworks */,
				53761296155AB74D005750A4 /* Products */,
				75D6E1708C75E4AC2FA214EC /* Pods */,
			);
			sourceTree = "<group>";
		};
		53761296155AB74D005750A4 /* Products */ = {
			isa = PBXGroup;
			children = (
				53761295155AB74D005750A4 /* SDWebImage iOS Demo.app */,
			);
			name = Products;
			sourceTree = "<group>";
		};
		53761298155AB74D005750A4 /* Frameworks */ = {
			isa = PBXGroup;
			children = (
				537612E6155ABA44005750A4 /* ImageIO.framework */,
				537612E3155ABA3C005750A4 /* MapKit.framework */,
				53761299155AB74D005750A4 /* UIKit.framework */,
				5376129B155AB74D005750A4 /* Foundation.framework */,
				5376129D155AB74D005750A4 /* CoreGraphics.framework */,
				225ECB6E7CB8DB707B498522 /* Pods_SDWebImage_iOS_Demo.framework */,
			);
			name = Frameworks;
			sourceTree = "<group>";
		};
		5376129F155AB74D005750A4 /* SDWebImage Demo */ = {
			isa = PBXGroup;
			children = (
				3E75A9851742DBE700DA412D /* CustomPathImages */,
				537612A8155AB74D005750A4 /* AppDelegate.h */,
				537612A9155AB74D005750A4 /* AppDelegate.m */,
				537612AB155AB74D005750A4 /* MasterViewController.h */,
				537612AC155AB74D005750A4 /* MasterViewController.m */,
				537612AE155AB74D005750A4 /* DetailViewController.h */,
				537612AF155AB74D005750A4 /* DetailViewController.m */,
				537612B1155AB74D005750A4 /* MasterViewController.xib */,
				537612B4155AB74D005750A4 /* DetailViewController.xib */,
				32892E341FAE89FD00BE8320 /* LaunchScreen.storyboard */,
				32892E301FAE898C00BE8320 /* Assets.xcassets */,
				537612A0155AB74D005750A4 /* Supporting Files */,
			);
			path = "SDWebImage Demo";
			sourceTree = "<group>";
		};
		537612A0155AB74D005750A4 /* Supporting Files */ = {
			isa = PBXGroup;
			children = (
				537612A1155AB74D005750A4 /* Info.plist */,
				537612A5155AB74D005750A4 /* main.m */,
			);
			name = "Supporting Files";
			sourceTree = "<group>";
		};
		75D6E1708C75E4AC2FA214EC /* Pods */ = {
			isa = PBXGroup;
			children = (
				80C26B77F46D9332F328204E /* Pods-SDWebImage OSX Demo.debug.xcconfig */,
				5992BFDBF29AB5CBCAC896FB /* Pods-SDWebImage OSX Demo.release.xcconfig */,
				5A56E15AF819F64FBF1F65A9 /* Pods-SDWebImage TV Demo.debug.xcconfig */,
				28B8C1BB2DCC32E213DA3DAD /* Pods-SDWebImage TV Demo.release.xcconfig */,
				327E1C604113A7CEC9AC02DB /* Pods-SDWebImage Watch Demo Extension.debug.xcconfig */,
				9A205232F437C77F45A2EBD1 /* Pods-SDWebImage Watch Demo Extension.release.xcconfig */,
				789EDF4244C66933FDF3E181 /* Pods-SDWebImage iOS Demo.debug.xcconfig */,
				0829378FA7103DD8649CCCF3 /* Pods-SDWebImage iOS Demo.release.xcconfig */,
			);
			name = Pods;
			sourceTree = "<group>";
		};
		EA9E0C73219598B400AFB434 /* Configs */ = {
			isa = PBXGroup;
			children = (
				EA9E0C75219598B400AFB434 /* App-Debug.xcconfig */,
				EA9E0C76219598B400AFB434 /* App-Release.xcconfig */,
				EA9E0C78219598B400AFB434 /* App-Shared.xcconfig */,
				EA9E0C77219598B400AFB434 /* Module-Debug.xcconfig */,
				EA9E0C74219598B400AFB434 /* Module-Release.xcconfig */,
				EA9E0C79219598B400AFB434 /* Module-Shared.xcconfig */,
			);
			name = Configs;
			path = ../Configs;
			sourceTree = "<group>";
		};
/* End PBXGroup section */

/* Begin PBXNativeTarget section */
		53761294155AB74D005750A4 /* SDWebImage iOS Demo */ = {
			isa = PBXNativeTarget;
			buildConfigurationList = 537612B9155AB74D005750A4 /* Build configuration list for PBXNativeTarget "SDWebImage iOS Demo" */;
			buildPhases = (
				FA507C7A3DC5CD9451511EB7 /* [CP] Check Pods Manifest.lock */,
				53761291155AB74D005750A4 /* Sources */,
				53761292155AB74D005750A4 /* Frameworks */,
				53761293155AB74D005750A4 /* Resources */,
				327E2DD11FAF0D6A00EF52C2 /* Embed Frameworks */,
				8425DD76050A8A49F8DAF736 /* [CP] Embed Pods Frameworks */,
			);
			buildRules = (
			);
			dependencies = (
			);
			name = "SDWebImage iOS Demo";
			productName = "SDWebImage Demo";
			productReference = 53761295155AB74D005750A4 /* SDWebImage iOS Demo.app */;
			productType = "com.apple.product-type.application";
		};
/* End PBXNativeTarget section */

/* Begin PBXProject section */
		5376128C155AB74D005750A4 /* Project object */ = {
			isa = PBXProject;
			attributes = {
				LastUpgradeCheck = 0940;
				ORGANIZATIONNAME = Dailymotion;
				TargetAttributes = {
					53761294155AB74D005750A4 = {
						DevelopmentTeam = KH464JBVYL;
						ProvisioningStyle = Automatic;
					};
				};
			};
			buildConfigurationList = 5376128F155AB74D005750A4 /* Build configuration list for PBXProject "SDWebImage Demo" */;
			compatibilityVersion = "Xcode 3.2";
			developmentRegion = en;
			hasScannedForEncodings = 0;
			knownRegions = (
				en,
				Base,
			);
			mainGroup = 5376128A155AB74D005750A4;
			productRefGroup = 53761296155AB74D005750A4 /* Products */;
			projectDirPath = "";
			projectRoot = "";
			targets = (
				53761294155AB74D005750A4 /* SDWebImage iOS Demo */,
			);
		};
/* End PBXProject section */

/* Begin PBXResourcesBuildPhase section */
		53761293155AB74D005750A4 /* Resources */ = {
			isa = PBXResourcesBuildPhase;
			buildActionMask = 2147483647;
			files = (
				537612B3155AB74D005750A4 /* MasterViewController.xib in Resources */,
				537612B6155AB74D005750A4 /* DetailViewController.xib in Resources */,
				32892E311FAE898C00BE8320 /* Assets.xcassets in Resources */,
				32892E351FAE89FE00BE8320 /* LaunchScreen.storyboard in Resources */,
				3E75A9861742DBE700DA412D /* CustomPathImages in Resources */,
			);
			runOnlyForDeploymentPostprocessing = 0;
		};
/* End PBXResourcesBuildPhase section */

/* Begin PBXShellScriptBuildPhase section */
		8425DD76050A8A49F8DAF736 /* [CP] Embed Pods Frameworks */ = {
			isa = PBXShellScriptBuildPhase;
			buildActionMask = 2147483647;
			files = (
			);
			inputPaths = (
				"${PODS_ROOT}/Target Support Files/Pods-SDWebImage iOS Demo/Pods-SDWebImage iOS Demo-frameworks.sh",
				"${BUILT_PRODUCTS_DIR}/SDWebImage/SDWebImage.framework",
				"${BUILT_PRODUCTS_DIR}/SDWebImageWebPCoder/SDWebImageWebPCoder.framework",
				"${BUILT_PRODUCTS_DIR}/libwebp/libwebp.framework",
			);
			name = "[CP] Embed Pods Frameworks";
			outputPaths = (
				"${TARGET_BUILD_DIR}/${FRAMEWORKS_FOLDER_PATH}/SDWebImage.framework",
				"${TARGET_BUILD_DIR}/${FRAMEWORKS_FOLDER_PATH}/SDWebImageWebPCoder.framework",
				"${TARGET_BUILD_DIR}/${FRAMEWORKS_FOLDER_PATH}/libwebp.framework",
			);
			runOnlyForDeploymentPostprocessing = 0;
			shellPath = /bin/sh;
			shellScript = "\"${PODS_ROOT}/Target Support Files/Pods-SDWebImage iOS Demo/Pods-SDWebImage iOS Demo-frameworks.sh\"\n";
			showEnvVarsInLog = 0;
		};
		FA507C7A3DC5CD9451511EB7 /* [CP] Check Pods Manifest.lock */ = {
			isa = PBXShellScriptBuildPhase;
			buildActionMask = 2147483647;
			files = (
			);
			inputPaths = (
				"${PODS_PODFILE_DIR_PATH}/Podfile.lock",
				"${PODS_ROOT}/Manifest.lock",
			);
			name = "[CP] Check Pods Manifest.lock";
			outputPaths = (
				"$(DERIVED_FILE_DIR)/Pods-SDWebImage iOS Demo-checkManifestLockResult.txt",
			);
			runOnlyForDeploymentPostprocessing = 0;
			shellPath = /bin/sh;
			shellScript = "diff \"${PODS_PODFILE_DIR_PATH}/Podfile.lock\" \"${PODS_ROOT}/Manifest.lock\" > /dev/null\nif [ $? != 0 ] ; then\n    # print error to STDERR\n    echo \"error: The sandbox is not in sync with the Podfile.lock. Run 'pod install' or update your CocoaPods installation.\" >&2\n    exit 1\nfi\n# This output is used by Xcode 'outputs' to avoid re-running this script phase.\necho \"SUCCESS\" > \"${SCRIPT_OUTPUT_FILE_0}\"\n";
			showEnvVarsInLog = 0;
		};
/* End PBXShellScriptBuildPhase section */

/* Begin PBXSourcesBuildPhase section */
		53761291155AB74D005750A4 /* Sources */ = {
			isa = PBXSourcesBuildPhase;
			buildActionMask = 2147483647;
			files = (
				537612A6155AB74D005750A4 /* main.m in Sources */,
				537612AA155AB74D005750A4 /* AppDelegate.m in Sources */,
				537612AD155AB74D005750A4 /* MasterViewController.m in Sources */,
				537612B0155AB74D005750A4 /* DetailViewController.m in Sources */,
			);
			runOnlyForDeploymentPostprocessing = 0;
		};
/* End PBXSourcesBuildPhase section */

/* Begin PBXVariantGroup section */
		537612B1155AB74D005750A4 /* MasterViewController.xib */ = {
			isa = PBXVariantGroup;
			children = (
				537612B2155AB74D005750A4 /* en */,
			);
			name = MasterViewController.xib;
			sourceTree = "<group>";
		};
		537612B4155AB74D005750A4 /* DetailViewController.xib */ = {
			isa = PBXVariantGroup;
			children = (
				537612B5155AB74D005750A4 /* en */,
			);
			name = DetailViewController.xib;
			sourceTree = "<group>";
		};
/* End PBXVariantGroup section */

/* Begin XCBuildConfiguration section */
		537612B7155AB74D005750A4 /* Debug */ = {
			isa = XCBuildConfiguration;
			baseConfigurationReference = EA9E0C75219598B400AFB434 /* App-Debug.xcconfig */;
			buildSettings = {
			};
			name = Debug;
		};
		537612B8155AB74D005750A4 /* Release */ = {
			isa = XCBuildConfiguration;
			baseConfigurationReference = EA9E0C76219598B400AFB434 /* App-Release.xcconfig */;
			buildSettings = {
			};
			name = Release;
		};
		537612BA155AB74D005750A4 /* Debug */ = {
			isa = XCBuildConfiguration;
			baseConfigurationReference = 789EDF4244C66933FDF3E181 /* Pods-SDWebImage iOS Demo.debug.xcconfig */;
			buildSettings = {
				CODE_SIGN_IDENTITY = "Apple Development";
				CODE_SIGN_STYLE = Automatic;
				DEVELOPMENT_TEAM = KH464JBVYL;
				GCC_PRECOMPILE_PREFIX_HEADER = YES;
				INFOPLIST_FILE = "SDWebImage Demo/Info.plist";
				INFOPLIST_KEY_CFBundleDisplayName = SDWebImage;
				MARKETING_VERSION = 1.0;
				PRODUCT_BUNDLE_IDENTIFIER = com.duozhuayu.xcodecloudtest;
				PROVISIONING_PROFILE_SPECIFIER = "";
				SDKROOT = iphoneos;
				SUPPORTED_PLATFORMS = "iphoneos iphonesimulator";
				SUPPORTS_MACCATALYST = NO;
				SUPPORTS_MAC_DESIGNED_FOR_IPHONE_IPAD = NO;
				TARGETED_DEVICE_FAMILY = 1;
			};
			name = Debug;
		};
		537612BB155AB74D005750A4 /* Release */ = {
			isa = XCBuildConfiguration;
			baseConfigurationReference = 0829378FA7103DD8649CCCF3 /* Pods-SDWebImage iOS Demo.release.xcconfig */;
			buildSettings = {
				CODE_SIGN_IDENTITY = "Apple Development";
				CODE_SIGN_STYLE = Automatic;
				DEVELOPMENT_TEAM = KH464JBVYL;
				GCC_PRECOMPILE_PREFIX_HEADER = YES;
				INFOPLIST_FILE = "SDWebImage Demo/Info.plist";
				INFOPLIST_KEY_CFBundleDisplayName = SDWebImage;
				MARKETING_VERSION = 1.0;
				PRODUCT_BUNDLE_IDENTIFIER = com.duozhuayu.xcodecloudtest;
				PROVISIONING_PROFILE_SPECIFIER = "";
				SDKROOT = iphoneos;
				SUPPORTED_PLATFORMS = "iphoneos iphonesimulator";
				SUPPORTS_MACCATALYST = NO;
				SUPPORTS_MAC_DESIGNED_FOR_IPHONE_IPAD = NO;
				TARGETED_DEVICE_FAMILY = 1;
			};
			name = Release;
		};
/* End XCBuildConfiguration section */

/* Begin XCConfigurationList section */
		5376128F155AB74D005750A4 /* Build configuration list for PBXProject "SDWebImage Demo" */ = {
			isa = XCConfigurationList;
			buildConfigurations = (
				537612B7155AB74D005750A4 /* Debug */,
				537612B8155AB74D005750A4 /* Release */,
			);
			defaultConfigurationIsVisible = 0;
			defaultConfigurationName = Release;
		};
		537612B9155AB74D005750A4 /* Build configuration list for PBXNativeTarget "SDWebImage iOS Demo" */ = {
			isa = XCConfigurationList;
			buildConfigurations = (
				537612BA155AB74D005750A4 /* Debug */,
				537612BB155AB74D005750A4 /* Release */,
			);
			defaultConfigurationIsVisible = 0;
			defaultConfigurationName = Release;
		};
/* End XCConfigurationList section */
	};
	rootObject = 5376128C155AB74D005750A4 /* Project object */;
}
